// !$*UTF8*$!
{
	archiveVersion = 1;
	classes = {
	};
	objectVersion = 77;
	objects = {

/* Begin PBXContainerItemProxy section */
		7916FD1B2DD30C970030A0CF /* PBXContainerItemProxy */ = {
			isa = PBXContainerItemProxy;
			containerPortal = 7916FCF92DD30C960030A0CF /* Project object */;
			proxyType = 1;
			remoteGlobalIDString = 7916FD002DD30C960030A0CF;
			remoteInfo = NoteIt;
		};
		7916FD252DD30C970030A0CF /* PBXContainerItemProxy */ = {
			isa = PBXContainerItemProxy;
			containerPortal = 7916FCF92DD30C960030A0CF /* Project object */;
			proxyType = 1;
			remoteGlobalIDString = 7916FD002DD30C960030A0CF;
			remoteInfo = NoteIt;
		};
/* End PBXContainerItemProxy section */

/* Begin PBXFileReference section */
		7916FD012DD30C960030A0CF /* NoteIt.app */ = {isa = PBXFileReference; explicitFileType = wrapper.application; includeInIndex = 0; path = NoteIt.app; sourceTree = BUILT_PRODUCTS_DIR; };
		7916FD1A2DD30C970030A0CF /* NoteItTests.xctest */ = {isa = PBXFileReference; explicitFileType = wrapper.cfbundle; includeInIndex = 0; path = NoteItTests.xctest; sourceTree = BUILT_PRODUCTS_DIR; };
		7916FD242DD30C970030A0CF /* NoteItUITests.xctest */ = {isa = PBXFileReference; explicitFileType = wrapper.cfbundle; includeInIndex = 0; path = NoteItUITests.xctest; sourceTree = BUILT_PRODUCTS_DIR; };
/* End PBXFileReference section */

/* Begin PBXFileSystemSynchronizedBuildFileExceptionSet section */
		7916FD2C2DD30C970030A0CF /* Exceptions for "NoteIt" folder in "NoteIt" target */ = {
			isa = PBXFileSystemSynchronizedBuildFileExceptionSet;
			membershipExceptions = (
				Info.plist,
			);
			target = 7916FD002DD30C960030A0CF /* NoteIt */;
		};
/* End PBXFileSystemSynchronizedBuildFileExceptionSet section */

/* Begin PBXFileSystemSynchronizedRootGroup section */
		7916FD032DD30C960030A0CF /* NoteIt */ = {
			isa = PBXFileSystemSynchronizedRootGroup;
			exceptions = (
				7916FD2C2DD30C970030A0CF /* Exceptions for "NoteIt" folder in "NoteIt" target */,
			);
			path = NoteIt;
			sourceTree = "<group>";
		};
		7916FD1D2DD30C970030A0CF /* NoteItTests */ = {
			isa = PBXFileSystemSynchronizedRootGroup;
			path = NoteItTests;
			sourceTree = "<group>";
		};
		7916FD272DD30C970030A0CF /* NoteItUITests */ = {
			isa = PBXFileSystemSynchronizedRootGroup;
			path = NoteItUITests;
			sourceTree = "<group>";
		};
/* End PBXFileSystemSynchronizedRootGroup section */

/* Begin PBXFrameworksBuildPhase section */
		7916FCFE2DD30C960030A0CF /* Frameworks */ = {
			isa = PBXFrameworksBuildPhase;
			buildActionMask = 2147483647;
			files = (
			);
			runOnlyForDeploymentPostprocessing = 0;
		};
		7916FD172DD30C970030A0CF /* Frameworks */ = {
			isa = PBXFrameworksBuildPhase;
			buildActionMask = 2147483647;
			files = (
			);
			runOnlyForDeploymentPostprocessing = 0;
		};
		7916FD212DD30C970030A0CF /* Frameworks */ = {
			isa = PBXFrameworksBuildPhase;
			buildActionMask = 2147483647;
			files = (
			);
			runOnlyForDeploymentPostprocessing = 0;
		};
/* End PBXFrameworksBuildPhase section */

/* Begin PBXGroup section */
		7916FCF82DD30C960030A0CF = {
			isa = PBXGroup;
			children = (
				7916FD032DD30C960030A0CF /* NoteIt */,
				7916FD1D2DD30C970030A0CF /* NoteItTests */,
				7916FD272DD30C970030A0CF /* NoteItUITests */,
				7916FD022DD30C960030A0CF /* Products */,
			);
			sourceTree = "<group>";
		};
		7916FD022DD30C960030A0CF /* Products */ = {
			isa = PBXGroup;
			children = (
				7916FD012DD30C960030A0CF /* NoteIt.app */,
				7916FD1A2DD30C970030A0CF /* NoteItTests.xctest */,
				7916FD242DD30C970030A0CF /* NoteItUITests.xctest */,
			);
			name = Products;
			sourceTree = "<group>";
		};
/* End PBXGroup section */

/* Begin PBXNativeTarget section */
		7916FD002DD30C960030A0CF /* NoteIt */ = {
			isa = PBXNativeTarget;
			buildConfigurationList = 7916FD2D2DD30C970030A0CF /* Build configuration list for PBXNativeTarget "NoteIt" */;
			buildPhases = (
				7916FCFD2DD30C960030A0CF /* Sources */,
				7916FCFE2DD30C960030A0CF /* Frameworks */,
				7916FCFF2DD30C960030A0CF /* Resources */,
			);
			buildRules = (
			);
			dependencies = (
			);
			fileSystemSynchronizedGroups = (
				7916FD032DD30C960030A0CF /* NoteIt */,
			);
			name = NoteIt;
			packageProductDependencies = (
			);
			productName = NoteIt;
			productReference = 7916FD012DD30C960030A0CF /* NoteIt.app */;
			productType = "com.apple.product-type.application";
		};
		7916FD192DD30C970030A0CF /* NoteItTests */ = {
			isa = PBXNativeTarget;
			buildConfigurationList = 7916FD322DD30C970030A0CF /* Build configuration list for PBXNativeTarget "NoteItTests" */;
			buildPhases = (
				7916FD162DD30C970030A0CF /* Sources */,
				7916FD172DD30C970030A0CF /* Frameworks */,
				7916FD182DD30C970030A0CF /* Resources */,
			);
			buildRules = (
			);
			dependencies = (
				7916FD1C2DD30C970030A0CF /* PBXTargetDependency */,
			);
			fileSystemSynchronizedGroups = (
				7916FD1D2DD30C970030A0CF /* NoteItTests */,
			);
			name = NoteItTests;
			packageProductDependencies = (
			);
			productName = NoteItTests;
			productReference = 7916FD1A2DD30C970030A0CF /* NoteItTests.xctest */;
			productType = "com.apple.product-type.bundle.unit-test";
		};
		7916FD232DD30C970030A0CF /* NoteItUITests */ = {
			isa = PBXNativeTarget;
			buildConfigurationList = 7916FD352DD30C970030A0CF /* Build configuration list for PBXNativeTarget "NoteItUITests" */;
			buildPhases = (
				7916FD202DD30C970030A0CF /* Sources */,
				7916FD212DD30C970030A0CF /* Frameworks */,
				7916FD222DD30C970030A0CF /* Resources */,
			);
			buildRules = (
			);
			dependencies = (
				7916FD262DD30C970030A0CF /* PBXTargetDependency */,
			);
			fileSystemSynchronizedGroups = (
				7916FD272DD30C970030A0CF /* NoteItUITests */,
			);
			name = NoteItUITests;
			packageProductDependencies = (
			);
			productName = NoteItUITests;
			productReference = 7916FD242DD30C970030A0CF /* NoteItUITests.xctest */;
			productType = "com.apple.product-type.bundle.ui-testing";
		};
/* End PBXNativeTarget section */

/* Begin PBXProject section */
		7916FCF92DD30C960030A0CF /* Project object */ = {
			isa = PBXProject;
			attributes = {
				BuildIndependentTargetsInParallel = 1;
				LastSwiftUpdateCheck = 1620;
				LastUpgradeCheck = 1620;
				TargetAttributes = {
					7916FD002DD30C960030A0CF = {
						CreatedOnToolsVersion = 16.2;
					};
					7916FD192DD30C970030A0CF = {
						CreatedOnToolsVersion = 16.2;
						TestTargetID = 7916FD002DD30C960030A0CF;
					};
					7916FD232DD30C970030A0CF = {
						CreatedOnToolsVersion = 16.2;
						TestTargetID = 7916FD002DD30C960030A0CF;
					};
				};
			};
			buildConfigurationList = 7916FCFC2DD30C960030A0CF /* Build configuration list for PBXProject "NoteIt" */;
			developmentRegion = en;
			hasScannedForEncodings = 0;
			knownRegions = (
				en,
				Base,
			);
			mainGroup = 7916FCF82DD30C960030A0CF;
			minimizedProjectReferenceProxies = 1;
			preferredProjectObjectVersion = 77;
			productRefGroup = 7916FD022DD30C960030A0CF /* Products */;
			projectDirPath = "";
			projectRoot = "";
			targets = (
				7916FD002DD30C960030A0CF /* NoteIt */,
				7916FD192DD30C970030A0CF /* NoteItTests */,
				7916FD232DD30C970030A0CF /* NoteItUITests */,
			);
		};
/* End PBXProject section */

/* Begin PBXResourcesBuildPhase section */
		7916FCFF2DD30C960030A0CF /* Resources */ = {
			isa = PBXResourcesBuildPhase;
			buildActionMask = 2147483647;
			files = (
			);
			runOnlyForDeploymentPostprocessing = 0;
		};
		7916FD182DD30C970030A0CF /* Resources */ = {
			isa = PBXResourcesBuildPhase;
			buildActionMask = 2147483647;
			files = (
			);
			runOnlyForDeploymentPostprocessing = 0;
		};
		7916FD222DD30C970030A0CF /* Resources */ = {
			isa = PBXResourcesBuildPhase;
			buildActionMask = 2147483647;
			files = (
			);
			runOnlyForDeploymentPostprocessing = 0;
		};
/* End PBXResourcesBuildPhase section */

/* Begin PBXSourcesBuildPhase section */
		7916FCFD2DD30C960030A0CF /* Sources */ = {
			isa = PBXSourcesBuildPhase;
			buildActionMask = 2147483647;
			files = (
			);
			runOnlyForDeploymentPostprocessing = 0;
		};
		7916FD162DD30C970030A0CF /* Sources */ = {
			isa = PBXSourcesBuildPhase;
			buildActionMask = 2147483647;
			files = (
			);
			runOnlyForDeploymentPostprocessing = 0;
		};
		7916FD202DD30C970030A0CF /* Sources */ = {
			isa = PBXSourcesBuildPhase;
			buildActionMask = 2147483647;
			files = (
			);
			runOnlyForDeploymentPostprocessing = 0;
		};
/* End PBXSourcesBuildPhase section */

/* Begin PBXTargetDependency section */
		7916FD1C2DD30C970030A0CF /* PBXTargetDependency */ = {
			isa = PBXTargetDependency;
			target = 7916FD002DD30C960030A0CF /* NoteIt */;
			targetProxy = 7916FD1B2DD30C970030A0CF /* PBXContainerItemProxy */;
		};
		7916FD262DD30C970030A0CF /* PBXTargetDependency */ = {
			isa = PBXTargetDependency;
			target = 7916FD002DD30C960030A0CF /* NoteIt */;
			targetProxy = 7916FD252DD30C970030A0CF /* PBXContainerItemProxy */;
		};
/* End PBXTargetDependency section */

/* Begin XCBuildConfiguration section */
		7916FD2E2DD30C970030A0CF /* Debug */ = {
			isa = XCBuildConfiguration;
			buildSettings = {
				ASSETCATALOG_COMPILER_APPICON_NAME = AppIcon;
				ASSETCATALOG_COMPILER_GLOBAL_ACCENT_COLOR_NAME = AccentColor;
				CODE_SIGN_STYLE = Automatic;
				CURRENT_PROJECT_VERSION = 1;
				DEVELOPMENT_TEAM = PX5VM3XDJ3;
				GENERATE_INFOPLIST_FILE = YES;
				INFOPLIST_FILE = NoteIt/Info.plist;
				INFOPLIST_KEY_UIApplicationSupportsIndirectInputEvents = YES;
				INFOPLIST_KEY_UILaunchStoryboardName = LaunchScreen;
				INFOPLIST_KEY_UIMainStoryboardFile = Main;
				INFOPLIST_KEY_UISupportedInterfaceOrientations_iPad = "UIInterfaceOrientationPortrait UIInterfaceOrientationPortraitUpsideDown UIInterfaceOrientationLandscapeLeft UIInterfaceOrientationLandscapeRight";
				INFOPLIST_KEY_UISupportedInterfaceOrientations_iPhone = "UIInterfaceOrientationPortrait UIInterfaceOrientationLandscapeLeft UIInterfaceOrientationLandscapeRight";
				LD_RUNPATH_SEARCH_PATHS = (
					"$(inherited)",
					"@executable_path/Frameworks",
				);
				MARKETING_VERSION = 1.0;
				PRODUCT_BUNDLE_IDENTIFIER = co.sanketughade.NoteIt;
				PRODUCT_NAME = "$(TARGET_NAME)";
				SWIFT_EMIT_LOC_STRINGS = YES;
				SWIFT_VERSION = 5.0;
				TARGETED_DEVICE_FAMILY = "1,2";
			};
			name = Debug;
		};
		7916FD2F2DD30C970030A0CF /* Release */ = {
			isa = XCBuildConfiguration;
			buildSettings = {
				ASSETCATALOG_COMPILER_APPICON_NAME = AppIcon;
				ASSETCATALOG_COMPILER_GLOBAL_ACCENT_COLOR_NAME = AccentColor;
				CODE_SIGN_STYLE = Automatic;
				CURRENT_PROJECT_VERSION = 1;
				DEVELOPMENT_TEAM = PX5VM3XDJ3;
				GENERATE_INFOPLIST_FILE = YES;
				INFOPLIST_FILE = NoteIt/Info.plist;
				INFOPLIST_KEY_UIApplicationSupportsIndirectInputEvents = YES;
				INFOPLIST_KEY_UILaunchStoryboardName = LaunchScreen;
				INFOPLIST_KEY_UIMainStoryboardFile = Main;
				INFOPLIST_KEY_UISupportedInterfaceOrientations_iPad = "UIInterfaceOrientationPortrait UIInterfaceOrientationPortraitUpsideDown UIInterfaceOrientationLandscapeLeft UIInterfaceOrientationLandscapeRight";
				INFOPLIST_KEY_UISupportedInterfaceOrientations_iPhone = "UIInterfaceOrientationPortrait UIInterfaceOrientationLandscapeLeft UIInterfaceOrientationLandscapeRight";
				LD_RUNPATH_SEARCH_PATHS = (
					"$(inherited)",
					"@executable_path/Frameworks",
				);
				MARKETING_VERSION = 1.0;
				PRODUCT_BUNDLE_IDENTIFIER = co.sanketughade.NoteIt;
				PRODUCT_NAME = "$(TARGET_NAME)";
				SWIFT_EMIT_LOC_STRINGS = YES;
				SWIFT_VERSION = 5.0;
				TARGETED_DEVICE_FAMILY = "1,2";
			};
			name = Release;
		};
		7916FD302DD30C970030A0CF /* Debug */ = {
			isa = XCBuildConfiguration;
			buildSettings = {
				ALWAYS_SEARCH_USER_PATHS = NO;
				ASSETCATALOG_COMPILER_GENERATE_SWIFT_ASSET_SYMBOL_EXTENSIONS = YES;
				CLANG_ANALYZER_NONNULL = YES;
				CLANG_ANALYZER_NUMBER_OBJECT_CONVERSION = YES_AGGRESSIVE;
				CLANG_CXX_LANGUAGE_STANDARD = "gnu++20";
				CLANG_ENABLE_MODULES = YES;
				CLANG_ENABLE_OBJC_ARC = YES;
				CLANG_ENABLE_OBJC_WEAK = YES;
				CLANG_WARN_BLOCK_CAPTURE_AUTORELEASING = YES;
				CLANG_WARN_BOOL_CONVERSION = YES;
				CLANG_WARN_COMMA = YES;
				CLANG_WARN_CONSTANT_CONVERSION = YES;
				CLANG_WARN_DEPRECATED_OBJC_IMPLEMENTATIONS = YES;
				CLANG_WARN_DIRECT_OBJC_ISA_USAGE = YES_ERROR;
				CLANG_WARN_DOCUMENTATION_COMMENTS = YES;
				CLANG_WARN_EMPTY_BODY = YES;
				CLANG_WARN_ENUM_CONVERSION = YES;
				CLANG_WARN_INFINITE_RECURSION = YES;
				CLANG_WARN_INT_CONVERSION = YES;
				CLANG_WARN_NON_LITERAL_NULL_CONVERSION = YES;
				CLANG_WARN_OBJC_IMPLICIT_RETAIN_SELF = YES;
				CLANG_WARN_OBJC_LITERAL_CONVERSION = YES;
				CLANG_WARN_OBJC_ROOT_CLASS = YES_ERROR;
				CLANG_WARN_QUOTED_INCLUDE_IN_FRAMEWORK_HEADER = YES;
				CLANG_WARN_RANGE_LOOP_ANALYSIS = YES;
				CLANG_WARN_STRICT_PROTOTYPES = YES;
				CLANG_WARN_SUSPICIOUS_MOVE = YES;
				CLANG_WARN_UNGUARDED_AVAILABILITY = YES_AGGRESSIVE;
				CLANG_WARN_UNREACHABLE_CODE = YES;
				CLANG_WARN__DUPLICATE_METHOD_MATCH = YES;
				COPY_PHASE_STRIP = NO;
				DEBUG_INFORMATION_FORMAT = dwarf;
				ENABLE_STRICT_OBJC_MSGSEND = YES;
				ENABLE_TESTABILITY = YES;
				ENABLE_USER_SCRIPT_SANDBOXING = YES;
				GCC_C_LANGUAGE_STANDARD = gnu17;
				GCC_DYNAMIC_NO_PIC = NO;
				GCC_NO_COMMON_BLOCKS = YES;
				GCC_OPTIMIZATION_LEVEL = 0;
				GCC_PREPROCESSOR_DEFINITIONS = (
					"DEBUG=1",
					"$(inherited)",
				);
				GCC_WARN_64_TO_32_BIT_CONVERSION = YES;
				GCC_WARN_ABOUT_RETURN_TYPE = YES_ERROR;
				GCC_WARN_UNDECLARED_SELECTOR = YES;
				GCC_WARN_UNINITIALIZED_AUTOS = YES_AGGRESSIVE;
				GCC_WARN_UNUSED_FUNCTION = YES;
				GCC_WARN_UNUSED_VARIABLE = YES;
				IPHONEOS_DEPLOYMENT_TARGET = 18.2;
				LOCALIZATION_PREFERS_STRING_CATALOGS = YES;
				MTL_ENABLE_DEBUG_INFO = INCLUDE_SOURCE;
				MTL_FAST_MATH = YES;
				ONLY_ACTIVE_ARCH = YES;
				SDKROOT = iphoneos;
				SWIFT_ACTIVE_COMPILATION_CONDITIONS = "DEBUG $(inherited)";
				SWIFT_OPTIMIZATION_LEVEL = "-Onone";
			};
			name = Debug;
		};
		7916FD312DD30C970030A0CF /* Release */ = {
			isa = XCBuildConfiguration;
			buildSettings = {
				ALWAYS_SEARCH_USER_PATHS = NO;
				ASSETCATALOG_COMPILER_GENERATE_SWIFT_ASSET_SYMBOL_EXTENSIONS = YES;
				CLANG_ANALYZER_NONNULL = YES;
				CLANG_ANALYZER_NUMBER_OBJECT_CONVERSION = YES_AGGRESSIVE;
				CLANG_CXX_LANGUAGE_STANDARD = "gnu++20";
				CLANG_ENABLE_MODULES = YES;
				CLANG_ENABLE_OBJC_ARC = YES;
				CLANG_ENABLE_OBJC_WEAK = YES;
				CLANG_WARN_BLOCK_CAPTURE_AUTORELEASING = YES;
				CLANG_WARN_BOOL_CONVERSION = YES;
				CLANG_WARN_COMMA = YES;
				CLANG_WARN_CONSTANT_CONVERSION = YES;
				CLANG_WARN_DEPRECATED_OBJC_IMPLEMENTATIONS = YES;
				CLANG_WARN_DIRECT_OBJC_ISA_USAGE = YES_ERROR;
				CLANG_WARN_DOCUMENTATION_COMMENTS = YES;
				CLANG_WARN_EMPTY_BODY = YES;
				CLANG_WARN_ENUM_CONVERSION = YES;
				CLANG_WARN_INFINITE_RECURSION = YES;
				CLANG_WARN_INT_CONVERSION = YES;
				CLANG_WARN_NON_LITERAL_NULL_CONVERSION = YES;
				CLANG_WARN_OBJC_IMPLICIT_RETAIN_SELF = YES;
				CLANG_WARN_OBJC_LITERAL_CONVERSION = YES;
				CLANG_WARN_OBJC_ROOT_CLASS = YES_ERROR;
				CLANG_WARN_QUOTED_INCLUDE_IN_FRAMEWORK_HEADER = YES;
				CLANG_WARN_RANGE_LOOP_ANALYSIS = YES;
				CLANG_WARN_STRICT_PROTOTYPES = YES;
				CLANG_WARN_SUSPICIOUS_MOVE = YES;
				CLANG_WARN_UNGUARDED_AVAILABILITY = YES_AGGRESSIVE;
				CLANG_WARN_UNREACHABLE_CODE = YES;
				CLANG_WARN__DUPLICATE_METHOD_MATCH = YES;
				COPY_PHASE_STRIP = NO;
				DEBUG_INFORMATION_FORMAT = "dwarf-with-dsym";
				ENABLE_NS_ASSERTIONS = NO;
				ENABLE_STRICT_OBJC_MSGSEND = YES;
				ENABLE_USER_SCRIPT_SANDBOXING = YES;
				GCC_C_LANGUAGE_STANDARD = gnu17;
				GCC_NO_COMMON_BLOCKS = YES;
				GCC_WARN_64_TO_32_BIT_CONVERSION = YES;
				GCC_WARN_ABOUT_RETURN_TYPE = YES_ERROR;
				GCC_WARN_UNDECLARED_SELECTOR = YES;
				GCC_WARN_UNINITIALIZED_AUTOS = YES_AGGRESSIVE;
				GCC_WARN_UNUSED_FUNCTION = YES;
				GCC_WARN_UNUSED_VARIABLE = YES;
				IPHONEOS_DEPLOYMENT_TARGET = 18.2;
				LOCALIZATION_PREFERS_STRING_CATALOGS = YES;
				MTL_ENABLE_DEBUG_INFO = NO;
				MTL_FAST_MATH = YES;
				SDKROOT = iphoneos;
				SWIFT_COMPILATION_MODE = wholemodule;
				VALIDATE_PRODUCT = YES;
			};
			name = Release;
		};
		7916FD332DD30C970030A0CF /* Debug */ = {
			isa = XCBuildConfiguration;
			buildSettings = {
				BUNDLE_LOADER = "$(TEST_HOST)";
				CODE_SIGN_STYLE = Automatic;
				CURRENT_PROJECT_VERSION = 1;
				DEVELOPMENT_TEAM = PX5VM3XDJ3;
				GENERATE_INFOPLIST_FILE = YES;
				IPHONEOS_DEPLOYMENT_TARGET = 18.2;
				MARKETING_VERSION = 1.0;
				PRODUCT_BUNDLE_IDENTIFIER = co.sanketughade.NoteItTests;
				PRODUCT_NAME = "$(TARGET_NAME)";
				SWIFT_EMIT_LOC_STRINGS = NO;
				SWIFT_VERSION = 5.0;
				TARGETED_DEVICE_FAMILY = "1,2";
				TEST_HOST = "$(BUILT_PRODUCTS_DIR)/NoteIt.app/$(BUNDLE_EXECUTABLE_FOLDER_PATH)/NoteIt";
			};
			name = Debug;
		};
		7916FD342DD30C970030A0CF /* Release */ = {
			isa = XCBuildConfiguration;
			buildSettings = {
				BUNDLE_LOADER = "$(TEST_HOST)";
				CODE_SIGN_STYLE = Automatic;
				CURRENT_PROJECT_VERSION = 1;
				DEVELOPMENT_TEAM = PX5VM3XDJ3;
				GENERATE_INFOPLIST_FILE = YES;
				IPHONEOS_DEPLOYMENT_TARGET = 18.2;
				MARKETING_VERSION = 1.0;
				PRODUCT_BUNDLE_IDENTIFIER = co.sanketughade.NoteItTests;
				PRODUCT_NAME = "$(TARGET_NAME)";
				SWIFT_EMIT_LOC_STRINGS = NO;
				SWIFT_VERSION = 5.0;
				TARGETED_DEVICE_FAMILY = "1,2";
				TEST_HOST = "$(BUILT_PRODUCTS_DIR)/NoteIt.app/$(BUNDLE_EXECUTABLE_FOLDER_PATH)/NoteIt";
			};
			name = Release;
		};
		7916FD362DD30C970030A0CF /* Debug */ = {
			isa = XCBuildConfiguration;
			buildSettings = {
				CODE_SIGN_STYLE = Automatic;
				CURRENT_PROJECT_VERSION = 1;
				DEVELOPMENT_TEAM = PX5VM3XDJ3;
				GENERATE_INFOPLIST_FILE = YES;
				MARKETING_VERSION = 1.0;
				PRODUCT_BUNDLE_IDENTIFIER = co.sanketughade.NoteItUITests;
				PRODUCT_NAME = "$(TARGET_NAME)";
				SWIFT_EMIT_LOC_STRINGS = NO;
				SWIFT_VERSION = 5.0;
				TARGETED_DEVICE_FAMILY = "1,2";
				TEST_TARGET_NAME = NoteIt;
			};
			name = Debug;
		};
		7916FD372DD30C970030A0CF /* Release */ = {
			isa = XCBuildConfiguration;
			buildSettings = {
				CODE_SIGN_STYLE = Automatic;
				CURRENT_PROJECT_VERSION = 1;
				DEVELOPMENT_TEAM = PX5VM3XDJ3;
				GENERATE_INFOPLIST_FILE = YES;
				MARKETING_VERSION = 1.0;
				PRODUCT_BUNDLE_IDENTIFIER = co.sanketughade.NoteItUITests;
				PRODUCT_NAME = "$(TARGET_NAME)";
				SWIFT_EMIT_LOC_STRINGS = NO;
				SWIFT_VERSION = 5.0;
				TARGETED_DEVICE_FAMILY = "1,2";
				TEST_TARGET_NAME = NoteIt;
			};
			name = Release;
		};
/* End XCBuildConfiguration section */

/* Begin XCConfigurationList section */
		7916FCFC2DD30C960030A0CF /* Build configuration list for PBXProject "NoteIt" */ = {
			isa = XCConfigurationList;
			buildConfigurations = (
				7916FD302DD30C970030A0CF /* Debug */,
				7916FD312DD30C970030A0CF /* Release */,
			);
			defaultConfigurationIsVisible = 0;
			defaultConfigurationName = Release;
		};
		7916FD2D2DD30C970030A0CF /* Build configuration list for PBXNativeTarget "NoteIt" */ = {
			isa = XCConfigurationList;
			buildConfigurations = (
				7916FD2E2DD30C970030A0CF /* Debug */,
				7916FD2F2DD30C970030A0CF /* Release */,
			);
			defaultConfigurationIsVisible = 0;
			defaultConfigurationName = Release;
		};
		7916FD322DD30C970030A0CF /* Build configuration list for PBXNativeTarget "NoteItTests" */ = {
			isa = XCConfigurationList;
			buildConfigurations = (
				7916FD332DD30C970030A0CF /* Debug */,
				7916FD342DD30C970030A0CF /* Release */,
			);
			defaultConfigurationIsVisible = 0;
			defaultConfigurationName = Release;
		};
		7916FD352DD30C970030A0CF /* Build configuration list for PBXNativeTarget "NoteItUITests" */ = {
			isa = XCConfigurationList;
			buildConfigurations = (
				7916FD362DD30C970030A0CF /* Debug */,
				7916FD372DD30C970030A0CF /* Release */,
			);
			defaultConfigurationIsVisible = 0;
			defaultConfigurationName = Release;
		};
/* End XCConfigurationList section */
	};
	rootObject = 7916FCF92DD30C960030A0CF /* Project object */;
}
